
Microsoft Visual Studio Solution File, Format Version 12.00
# Visual Studio Version 16
VisualStudioVersion = 16.0.30717.126
MinimumVisualStudioVersion = 10.0.40219.1
Project("{FAE04EC0-301F-11D3-BF4B-00C04F79EFBC}") = "WhenMovingRover", "WhenMovingRover.csproj", "{937CFB52-CB47-4151-ACA6-F12B698188D3}"
EndProject
Project("{FAE04EC0-301F-11D3-BF4B-00C04F79EFBC}") = "WhenMovingRoverTest", "..\MovingRoverTest\WhenMovingRoverTest.csproj", "{29C7C7BE-A3D0-4C65-B40F-E6DB88B7C7D4}"
EndProject
Global
	GlobalSection(SolutionConfigurationPlatforms) = preSolution
		Debug|Any CPU = Debug|Any CPU
		Release|Any CPU = Release|Any CPU
	EndGlobalSection
	GlobalSection(ProjectConfigurationPlatforms) = postSolution
		{937CFB52-CB47-4151-ACA6-F12B698188D3}.Debug|Any CPU.ActiveCfg = Debug|Any CPU
		{937CFB52-CB47-4151-ACA6-F12B698188D3}.Debug|Any CPU.Build.0 = Debug|Any CPU
		{937CFB52-CB47-4151-ACA6-F12B698188D3}.Release|Any CPU.ActiveCfg = Release|Any CPU
		{937CFB52-CB47-4151-ACA6-F12B698188D3}.Release|Any CPU.Build.0 = Release|Any CPU
		{29C7C7BE-A3D0-4C65-B40F-E6DB88B7C7D4}.Debug|Any CPU.ActiveCfg = Debug|Any CPU
		{29C7C7BE-A3D0-4C65-B40F-E6DB88B7C7D4}.Debug|Any CPU.Build.0 = Debug|Any CPU
		{29C7C7BE-A3D0-4C65-B40F-E6DB88B7C7D4}.Release|Any CPU.ActiveCfg = Release|Any CPU
		{29C7C7BE-A3D0-4C65-B40F-E6DB88B7C7D4}.Release|Any CPU.Build.0 = Release|Any CPU
	EndGlobalSection
	GlobalSection(SolutionProperties) = preSolution
		HideSolutionNode = FALSE
	EndGlobalSection
	GlobalSection(ExtensibilityGlobals) = postSolution
		SolutionGuid = {391B5AD7-313D-4E86-814C-76BF64F6BB65}
	EndGlobalSection
EndGlobal
